
Microsoft Visual Studio Solution File, Format Version 12.00
# Visual Studio Version 17
VisualStudioVersion = 17.3.32825.248
MinimumVisualStudioVersion = 10.0.40219.1
Project("{FAE04EC0-301F-11D3-BF4B-00C04F79EFBC}") = "ConsoleApp1", "ConsoleApp1\ConsoleApp1.csproj", "{EFD5E2C0-81B7-4962-ADB4-2874C31FF756}"
EndProject
Global
	GlobalSection(SolutionConfigurationPlatforms) = preSolution
		Debug|Any CPU = Debug|Any CPU
		Release|Any CPU = Release|Any CPU
	EndGlobalSection
	GlobalSection(ProjectConfigurationPlatforms) = postSolution
		{EFD5E2C0-81B7-4962-ADB4-2874C31FF756}.Debug|Any CPU.ActiveCfg = Debug|Any CPU
		{EFD5E2C0-81B7-4962-ADB4-2874C31FF756}.Debug|Any CPU.Build.0 = Debug|Any CPU
		{EFD5E2C0-81B7-4962-ADB4-2874C31FF756}.Release|Any CPU.ActiveCfg = Release|Any CPU
		{EFD5E2C0-81B7-4962-ADB4-2874C31FF756}.Release|Any CPU.Build.0 = Release|Any CPU
	EndGlobalSection
	GlobalSection(SolutionProperties) = preSolution
		HideSolutionNode = FALSE
	EndGlobalSection
	GlobalSection(ExtensibilityGlobals) = postSolution
		SolutionGuid = {BE609FFB-9902-4B40-90F0-3BE29D004D82}
	EndGlobalSection
EndGlobal
